// !$*UTF8*$!
{
	archiveVersion = 1;
	classes = {
	};
	objectVersion = 50;
	objects = {

/* Begin PBXBuildFile section */
		042E584125D7D2A000C88831 /* note4.wav in Resources */ = {isa = PBXBuildFile; fileRef = 042E583A25D7D29F00C88831 /* note4.wav */; };
		042E584225D7D2A000C88831 /* note5.wav in Resources */ = {isa = PBXBuildFile; fileRef = 042E583B25D7D29F00C88831 /* note5.wav */; };
		042E584325D7D2A000C88831 /* note7.wav in Resources */ = {isa = PBXBuildFile; fileRef = 042E583C25D7D29F00C88831 /* note7.wav */; };
		042E584425D7D2A000C88831 /* note6.wav in Resources */ = {isa = PBXBuildFile; fileRef = 042E583D25D7D29F00C88831 /* note6.wav */; };
		042E584525D7D2A000C88831 /* note2.wav in Resources */ = {isa = PBXBuildFile; fileRef = 042E583E25D7D29F00C88831 /* note2.wav */; };
		042E584625D7D2A000C88831 /* note3.wav in Resources */ = {isa = PBXBuildFile; fileRef = 042E583F25D7D29F00C88831 /* note3.wav */; };
		042E584725D7D2A000C88831 /* note1.wav in Resources */ = {isa = PBXBuildFile; fileRef = 042E584025D7D29F00C88831 /* note1.wav */; };
		04E1ED7325D6B7E70000645D /* AppDelegate.swift in Sources */ = {isa = PBXBuildFile; fileRef = 04E1ED7225D6B7E70000645D /* AppDelegate.swift */; };
		04E1ED7525D6B7E70000645D /* SceneDelegate.swift in Sources */ = {isa = PBXBuildFile; fileRef = 04E1ED7425D6B7E70000645D /* SceneDelegate.swift */; };
		04E1ED7725D6B7E70000645D /* ViewController.swift in Sources */ = {isa = PBXBuildFile; fileRef = 04E1ED7625D6B7E70000645D /* ViewController.swift */; };
		04E1ED7A25D6B7E70000645D /* Main.storyboard in Resources */ = {isa = PBXBuildFile; fileRef = 04E1ED7825D6B7E70000645D /* Main.storyboard */; };
		04E1ED7C25D6B7F00000645D /* Assets.xcassets in Resources */ = {isa = PBXBuildFile; fileRef = 04E1ED7B25D6B7F00000645D /* Assets.xcassets */; };
		04E1ED7F25D6B7F00000645D /* LaunchScreen.storyboard in Resources */ = {isa = PBXBuildFile; fileRef = 04E1ED7D25D6B7F00000645D /* LaunchScreen.storyboard */; };
/* End PBXBuildFile section */

/* Begin PBXFileReference section */
		042E583A25D7D29F00C88831 /* note4.wav */ = {isa = PBXFileReference; lastKnownFileType = audio.wav; path = note4.wav; sourceTree = "<group>"; };
		042E583B25D7D29F00C88831 /* note5.wav */ = {isa = PBXFileReference; lastKnownFileType = audio.wav; path = note5.wav; sourceTree = "<group>"; };
		042E583C25D7D29F00C88831 /* note7.wav */ = {isa = PBXFileReference; lastKnownFileType = audio.wav; path = note7.wav; sourceTree = "<group>"; };
		042E583D25D7D29F00C88831 /* note6.wav */ = {isa = PBXFileReference; lastKnownFileType = audio.wav; path = note6.wav; sourceTree = "<group>"; };
		042E583E25D7D29F00C88831 /* note2.wav */ = {isa = PBXFileReference; lastKnownFileType = audio.wav; path = note2.wav; sourceTree = "<group>"; };
		042E583F25D7D29F00C88831 /* note3.wav */ = {isa = PBXFileReference; lastKnownFileType = audio.wav; path = note3.wav; sourceTree = "<group>"; };
		042E584025D7D29F00C88831 /* note1.wav */ = {isa = PBXFileReference; lastKnownFileType = audio.wav; path = note1.wav; sourceTree = "<group>"; };
		04E1ED6F25D6B7E70000645D /* Xylophone.app */ = {isa = PBXFileReference; explicitFileType = wrapper.application; includeInIndex = 0; path = Xylophone.app; sourceTree = BUILT_PRODUCTS_DIR; };
		04E1ED7225D6B7E70000645D /* AppDelegate.swift */ = {isa = PBXFileReference; lastKnownFileType = sourcecode.swift; path = AppDelegate.swift; sourceTree = "<group>"; };
		04E1ED7425D6B7E70000645D /* SceneDelegate.swift */ = {isa = PBXFileReference; lastKnownFileType = sourcecode.swift; path = SceneDelegate.swift; sourceTree = "<group>"; };
		04E1ED7625D6B7E70000645D /* ViewController.swift */ = {isa = PBXFileReference; lastKnownFileType = sourcecode.swift; path = ViewController.swift; sourceTree = "<group>"; };
		04E1ED7925D6B7E70000645D /* Base */ = {isa = PBXFileReference; lastKnownFileType = file.storyboard; name = Base; path = Base.lproj/Main.storyboard; sourceTree = "<group>"; };
		04E1ED7B25D6B7F00000645D /* Assets.xcassets */ = {isa = PBXFileReference; lastKnownFileType = folder.assetcatalog; path = Assets.xcassets; sourceTree = "<group>"; };
		04E1ED7E25D6B7F00000645D /* Base */ = {isa = PBXFileReference; lastKnownFileType = file.storyboard; name = Base; path = Base.lproj/LaunchScreen.storyboard; sourceTree = "<group>"; };
		04E1ED8025D6B7F00000645D /* Info.plist */ = {isa = PBXFileReference; lastKnownFileType = text.plist.xml; path = Info.plist; sourceTree = "<group>"; };
/* End PBXFileReference section */

/* Begin PBXFrameworksBuildPhase section */
		04E1ED6C25D6B7E60000645D /* Frameworks */ = {
			isa = PBXFrameworksBuildPhase;
			buildActionMask = 2147483647;
			files = (
			);
			runOnlyForDeploymentPostprocessing = 0;
		};
/* End PBXFrameworksBuildPhase section */

/* Begin PBXGroup section */
		042E583925D7D29F00C88831 /* Sounds */ = {
			isa = PBXGroup;
			children = (
				042E583A25D7D29F00C88831 /* note4.wav */,
				042E583B25D7D29F00C88831 /* note5.wav */,
				042E583C25D7D29F00C88831 /* note7.wav */,
				042E583D25D7D29F00C88831 /* note6.wav */,
				042E583E25D7D29F00C88831 /* note2.wav */,
				042E583F25D7D29F00C88831 /* note3.wav */,
				042E584025D7D29F00C88831 /* note1.wav */,
			);
			path = Sounds;
			sourceTree = "<group>";
		};
		04E1ED6625D6B7E60000645D = {
			isa = PBXGroup;
			children = (
				04E1ED7125D6B7E70000645D /* Xylophone */,
				04E1ED7025D6B7E70000645D /* Products */,
			);
			sourceTree = "<group>";
		};
		04E1ED7025D6B7E70000645D /* Products */ = {
			isa = PBXGroup;
			children = (
				04E1ED6F25D6B7E70000645D /* Xylophone.app */,
			);
			name = Products;
			sourceTree = "<group>";
		};
		04E1ED7125D6B7E70000645D /* Xylophone */ = {
			isa = PBXGroup;
			children = (
				04E1ED7225D6B7E70000645D /* AppDelegate.swift */,
				04E1ED7425D6B7E70000645D /* SceneDelegate.swift */,
				04E1ED7625D6B7E70000645D /* ViewController.swift */,
				04E1ED7825D6B7E70000645D /* Main.storyboard */,
				04E1ED7B25D6B7F00000645D /* Assets.xcassets */,
				04E1ED7D25D6B7F00000645D /* LaunchScreen.storyboard */,
				04E1ED8025D6B7F00000645D /* Info.plist */,
				042E583925D7D29F00C88831 /* Sounds */,
			);
			path = Xylophone;
			sourceTree = "<group>";
		};
/* End PBXGroup section */

/* Begin PBXNativeTarget section */
		04E1ED6E25D6B7E60000645D /* Xylophone */ = {
			isa = PBXNativeTarget;
			buildConfigurationList = 04E1ED8325D6B7F00000645D /* Build configuration list for PBXNativeTarget "Xylophone" */;
			buildPhases = (
				04E1ED6B25D6B7E60000645D /* Sources */,
				04E1ED6C25D6B7E60000645D /* Frameworks */,
				04E1ED6D25D6B7E60000645D /* Resources */,
			);
			buildRules = (
			);
			dependencies = (
			);
			name = Xylophone;
			productName = Xylophone;
			productReference = 04E1ED6F25D6B7E70000645D /* Xylophone.app */;
			productType = "com.apple.product-type.application";
		};
/* End PBXNativeTarget section */

/* Begin PBXProject section */
		04E1ED6725D6B7E60000645D /* Project object */ = {
			isa = PBXProject;
			attributes = {
				LastSwiftUpdateCheck = 1170;
				LastUpgradeCheck = 1170;
				ORGANIZATIONNAME = "Upeksha Dharmadasa";
				TargetAttributes = {
					04E1ED6E25D6B7E60000645D = {
						CreatedOnToolsVersion = 11.7;
					};
				};
			};
			buildConfigurationList = 04E1ED6A25D6B7E60000645D /* Build configuration list for PBXProject "Xylophone" */;
			compatibilityVersion = "Xcode 9.3";
			developmentRegion = en;
			hasScannedForEncodings = 0;
			knownRegions = (
				en,
				Base,
			);
			mainGroup = 04E1ED6625D6B7E60000645D;
			productRefGroup = 04E1ED7025D6B7E70000645D /* Products */;
			projectDirPath = "";
			projectRoot = "";
			targets = (
				04E1ED6E25D6B7E60000645D /* Xylophone */,
			);
		};
/* End PBXProject section */

/* Begin PBXResourcesBuildPhase section */
		04E1ED6D25D6B7E60000645D /* Resources */ = {
			isa = PBXResourcesBuildPhase;
			buildActionMask = 2147483647;
			files = (
				042E584625D7D2A000C88831 /* note3.wav in Resources */,
				042E584325D7D2A000C88831 /* note7.wav in Resources */,
				042E584225D7D2A000C88831 /* note5.wav in Resources */,
				04E1ED7F25D6B7F00000645D /* LaunchScreen.storyboard in Resources */,
				042E584425D7D2A000C88831 /* note6.wav in Resources */,
				04E1ED7C25D6B7F00000645D /* Assets.xcassets in Resources */,
				042E584525D7D2A000C88831 /* note2.wav in Resources */,
				04E1ED7A25D6B7E70000645D /* Main.storyboard in Resources */,
				042E584725D7D2A000C88831 /* note1.wav in Resources */,
				042E584125D7D2A000C88831 /* note4.wav in Resources */,
			);
			runOnlyForDeploymentPostprocessing = 0;
		};
/* End PBXResourcesBuildPhase section */

/* Begin PBXSourcesBuildPhase section */
		04E1ED6B25D6B7E60000645D /* Sources */ = {
			isa = PBXSourcesBuildPhase;
			buildActionMask = 2147483647;
			files = (
				04E1ED7725D6B7E70000645D /* ViewController.swift in Sources */,
				04E1ED7325D6B7E70000645D /* AppDelegate.swift in Sources */,
				04E1ED7525D6B7E70000645D /* SceneDelegate.swift in Sources */,
			);
			runOnlyForDeploymentPostprocessing = 0;
		};
/* End PBXSourcesBuildPhase section */

/* Begin PBXVariantGroup section */
		04E1ED7825D6B7E70000645D /* Main.storyboard */ = {
			isa = PBXVariantGroup;
			children = (
				04E1ED7925D6B7E70000645D /* Base */,
			);
			name = Main.storyboard;
			sourceTree = "<group>";
		};
		04E1ED7D25D6B7F00000645D /* LaunchScreen.storyboard */ = {
			isa = PBXVariantGroup;
			children = (
				04E1ED7E25D6B7F00000645D /* Base */,
			);
			name = LaunchScreen.storyboard;
			sourceTree = "<group>";
		};
/* End PBXVariantGroup section */

/* Begin XCBuildConfiguration section */
		04E1ED8125D6B7F00000645D /* Debug */ = {
			isa = XCBuildConfiguration;
			buildSettings = {
				ALWAYS_SEARCH_USER_PATHS = NO;
				CLANG_ANALYZER_NONNULL = YES;
				CLANG_ANALYZER_NUMBER_OBJECT_CONVERSION = YES_AGGRESSIVE;
				CLANG_CXX_LANGUAGE_STANDARD = "gnu++14";
				CLANG_CXX_LIBRARY = "libc++";
				CLANG_ENABLE_MODULES = YES;
				CLANG_ENABLE_OBJC_ARC = YES;
				CLANG_ENABLE_OBJC_WEAK = YES;
				CLANG_WARN_BLOCK_CAPTURE_AUTORELEASING = YES;
				CLANG_WARN_BOOL_CONVERSION = YES;
				CLANG_WARN_COMMA = YES;
				CLANG_WARN_CONSTANT_CONVERSION = YES;
				CLANG_WARN_DEPRECATED_OBJC_IMPLEMENTATIONS = YES;
				CLANG_WARN_DIRECT_OBJC_ISA_USAGE = YES_ERROR;
				CLANG_WARN_DOCUMENTATION_COMMENTS = YES;
				CLANG_WARN_EMPTY_BODY = YES;
				CLANG_WARN_ENUM_CONVERSION = YES;
				CLANG_WARN_INFINITE_RECURSION = YES;
				CLANG_WARN_INT_CONVERSION = YES;
				CLANG_WARN_NON_LITERAL_NULL_CONVERSION = YES;
				CLANG_WARN_OBJC_IMPLICIT_RETAIN_SELF = YES;
				CLANG_WARN_OBJC_LITERAL_CONVERSION = YES;
				CLANG_WARN_OBJC_ROOT_CLASS = YES_ERROR;
				CLANG_WARN_RANGE_LOOP_ANALYSIS = YES;
				CLANG_WARN_STRICT_PROTOTYPES = YES;
				CLANG_WARN_SUSPICIOUS_MOVE = YES;
				CLANG_WARN_UNGUARDED_AVAILABILITY = YES_AGGRESSIVE;
				CLANG_WARN_UNREACHABLE_CODE = YES;
				CLANG_WARN__DUPLICATE_METHOD_MATCH = YES;
				COPY_PHASE_STRIP = NO;
				DEBUG_INFORMATION_FORMAT = dwarf;
				ENABLE_STRICT_OBJC_MSGSEND = YES;
				ENABLE_TESTABILITY = YES;
				GCC_C_LANGUAGE_STANDARD = gnu11;
				GCC_DYNAMIC_NO_PIC = NO;
				GCC_NO_COMMON_BLOCKS = YES;
				GCC_OPTIMIZATION_LEVEL = 0;
				GCC_PREPROCESSOR_DEFINITIONS = (
					"DEBUG=1",
					"$(inherited)",
				);
				GCC_WARN_64_TO_32_BIT_CONVERSION = YES;
				GCC_WARN_ABOUT_RETURN_TYPE = YES_ERROR;
				GCC_WARN_UNDECLARED_SELECTOR = YES;
				GCC_WARN_UNINITIALIZED_AUTOS = YES_AGGRESSIVE;
				GCC_WARN_UNUSED_FUNCTION = YES;
				GCC_WARN_UNUSED_VARIABLE = YES;
				IPHONEOS_DEPLOYMENT_TARGET = 13.7;
				MTL_ENABLE_DEBUG_INFO = INCLUDE_SOURCE;
				MTL_FAST_MATH = YES;
				ONLY_ACTIVE_ARCH = YES;
				SDKROOT = iphoneos;
				SWIFT_ACTIVE_COMPILATION_CONDITIONS = DEBUG;
				SWIFT_OPTIMIZATION_LEVEL = "-Onone";
			};
			name = Debug;
		};
		04E1ED8225D6B7F00000645D /* Release */ = {
			isa = XCBuildConfiguration;
			buildSettings = {
				ALWAYS_SEARCH_USER_PATHS = NO;
				CLANG_ANALYZER_NONNULL = YES;
				CLANG_ANALYZER_NUMBER_OBJECT_CONVERSION = YES_AGGRESSIVE;
				CLANG_CXX_LANGUAGE_STANDARD = "gnu++14";
				CLANG_CXX_LIBRARY = "libc++";
				CLANG_ENABLE_MODULES = YES;
				CLANG_ENABLE_OBJC_ARC = YES;
				CLANG_ENABLE_OBJC_WEAK = YES;
				CLANG_WARN_BLOCK_CAPTURE_AUTORELEASING = YES;
				CLANG_WARN_BOOL_CONVERSION = YES;
				CLANG_WARN_COMMA = YES;
				CLANG_WARN_CONSTANT_CONVERSION = YES;
				CLANG_WARN_DEPRECATED_OBJC_IMPLEMENTATIONS = YES;
				CLANG_WARN_DIRECT_OBJC_ISA_USAGE = YES_ERROR;
				CLANG_WARN_DOCUMENTATION_COMMENTS = YES;
				CLANG_WARN_EMPTY_BODY = YES;
				CLANG_WARN_ENUM_CONVERSION = YES;
				CLANG_WARN_INFINITE_RECURSION = YES;
				CLANG_WARN_INT_CONVERSION = YES;
				CLANG_WARN_NON_LITERAL_NULL_CONVERSION = YES;
				CLANG_WARN_OBJC_IMPLICIT_RETAIN_SELF = YES;
				CLANG_WARN_OBJC_LITERAL_CONVERSION = YES;
				CLANG_WARN_OBJC_ROOT_CLASS = YES_ERROR;
				CLANG_WARN_RANGE_LOOP_ANALYSIS = YES;
				CLANG_WARN_STRICT_PROTOTYPES = YES;
				CLANG_WARN_SUSPICIOUS_MOVE = YES;
				CLANG_WARN_UNGUARDED_AVAILABILITY = YES_AGGRESSIVE;
				CLANG_WARN_UNREACHABLE_CODE = YES;
				CLANG_WARN__DUPLICATE_METHOD_MATCH = YES;
				COPY_PHASE_STRIP = NO;
				DEBUG_INFORMATION_FORMAT = "dwarf-with-dsym";
				ENABLE_NS_ASSERTIONS = NO;
				ENABLE_STRICT_OBJC_MSGSEND = YES;
				GCC_C_LANGUAGE_STANDARD = gnu11;
				GCC_NO_COMMON_BLOCKS = YES;
				GCC_WARN_64_TO_32_BIT_CONVERSION = YES;
				GCC_WARN_ABOUT_RETURN_TYPE = YES_ERROR;
				GCC_WARN_UNDECLARED_SELECTOR = YES;
				GCC_WARN_UNINITIALIZED_AUTOS = YES_AGGRESSIVE;
				GCC_WARN_UNUSED_FUNCTION = YES;
				GCC_WARN_UNUSED_VARIABLE = YES;
				IPHONEOS_DEPLOYMENT_TARGET = 13.7;
				MTL_ENABLE_DEBUG_INFO = NO;
				MTL_FAST_MATH = YES;
				SDKROOT = iphoneos;
				SWIFT_COMPILATION_MODE = wholemodule;
				SWIFT_OPTIMIZATION_LEVEL = "-O";
				VALIDATE_PRODUCT = YES;
			};
			name = Release;
		};
		04E1ED8425D6B7F00000645D /* Debug */ = {
			isa = XCBuildConfiguration;
			buildSettings = {
				ASSETCATALOG_COMPILER_APPICON_NAME = AppIcon;
				CODE_SIGN_STYLE = Automatic;
				DEVELOPMENT_TEAM = 4M5RZ9JNSU;
				INFOPLIST_FILE = Xylophone/Info.plist;
				LD_RUNPATH_SEARCH_PATHS = (
					"$(inherited)",
					"@executable_path/Frameworks",
				);
				PRODUCT_BUNDLE_IDENTIFIER = UpekshaDharmadasa.Xylophone;
				PRODUCT_NAME = "$(TARGET_NAME)";
				SWIFT_VERSION = 5.0;
				TARGETED_DEVICE_FAMILY = "1,2";
			};
			name = Debug;
		};
		04E1ED8525D6B7F00000645D /* Release */ = {
			isa = XCBuildConfiguration;
			buildSettings = {
				ASSETCATALOG_COMPILER_APPICON_NAME = AppIcon;
				CODE_SIGN_STYLE = Automatic;
				DEVELOPMENT_TEAM = 4M5RZ9JNSU;
				INFOPLIST_FILE = Xylophone/Info.plist;
				LD_RUNPATH_SEARCH_PATHS = (
					"$(inherited)",
					"@executable_path/Frameworks",
				);
				PRODUCT_BUNDLE_IDENTIFIER = UpekshaDharmadasa.Xylophone;
				PRODUCT_NAME = "$(TARGET_NAME)";
				SWIFT_VERSION = 5.0;
				TARGETED_DEVICE_FAMILY = "1,2";
			};
			name = Release;
		};
/* End XCBuildConfiguration section */

/* Begin XCConfigurationList section */
		04E1ED6A25D6B7E60000645D /* Build configuration list for PBXProject "Xylophone" */ = {
			isa = XCConfigurationList;
			buildConfigurations = (
				04E1ED8125D6B7F00000645D /* Debug */,
				04E1ED8225D6B7F00000645D /* Release */,
			);
			defaultConfigurationIsVisible = 0;
			defaultConfigurationName = Release;
		};
		04E1ED8325D6B7F00000645D /* Build configuration list for PBXNativeTarget "Xylophone" */ = {
			isa = XCConfigurationList;
			buildConfigurations = (
				04E1ED8425D6B7F00000645D /* Debug */,
				04E1ED8525D6B7F00000645D /* Release */,
			);
			defaultConfigurationIsVisible = 0;
			defaultConfigurationName = Release;
		};
/* End XCConfigurationList section */
	};
	rootObject = 04E1ED6725D6B7E60000645D /* Project object */;
}
